
Microsoft Visual Studio Solution File, Format Version 12.00
# Visual Studio Version 17
VisualStudioVersion = 17.3.32929.385
MinimumVisualStudioVersion = 10.0.40219.1
Project("{FAE04EC0-301F-11D3-BF4B-00C04F79EFBC}") = "ITMO.CSCourse2022.Task1.1", "task1\ITMO.CSCourse2022.Labs.Lab1.Task1\ITMO.CSCourse2022.Task1.1.csproj", "{02FD8867-F412-4EF1-829C-07BA3FFF92E4}"
EndProject
Project("{FAE04EC0-301F-11D3-BF4B-00C04F79EFBC}") = "ITMO.CSCourse2022.Task1.4", "task1\ITMO.CSCourse2022.Task1.4\ITMO.CSCourse2022.Task1.4.csproj", "{EE4AC6A2-11F4-4150-90EE-0B4A0F1570A3}"
EndProject
Project("{FAE04EC0-301F-11D3-BF4B-00C04F79EFBC}") = "ITMO.CSCourse2022.Task2.1", "task2\ITMO.CSCourse2022.Task2.1\ITMO.CSCourse2022.Task2.1.csproj", "{7997B350-6853-46DE-84BD-DE6F19B84064}"
EndProject
Project("{FAE04EC0-301F-11D3-BF4B-00C04F79EFBC}") = "ITMO.CSCourse2022.Task2.2", "task2\ITMO.CSCourse2022.Task2.2\ITMO.CSCourse2022.Task2.2.csproj", "{52AC7F15-4CC4-4DD8-AC04-501F65BCDACC}"
EndProject
Project("{FAE04EC0-301F-11D3-BF4B-00C04F79EFBC}") = "ITMO.CSCourse2022.Task2.3", "task2\ITMO.CSCourse2022.Task2.3\ITMO.CSCourse2022.Task2.3.csproj", "{F05CAE8E-0287-4F34-BF62-F0649EF75232}"
EndProject
Global
	GlobalSection(SolutionConfigurationPlatforms) = preSolution
		Debug|Any CPU = Debug|Any CPU
		Release|Any CPU = Release|Any CPU
	EndGlobalSection
	GlobalSection(ProjectConfigurationPlatforms) = postSolution
		{02FD8867-F412-4EF1-829C-07BA3FFF92E4}.Debug|Any CPU.ActiveCfg = Debug|Any CPU
		{02FD8867-F412-4EF1-829C-07BA3FFF92E4}.Debug|Any CPU.Build.0 = Debug|Any CPU
		{02FD8867-F412-4EF1-829C-07BA3FFF92E4}.Release|Any CPU.ActiveCfg = Release|Any CPU
		{02FD8867-F412-4EF1-829C-07BA3FFF92E4}.Release|Any CPU.Build.0 = Release|Any CPU
		{EE4AC6A2-11F4-4150-90EE-0B4A0F1570A3}.Debug|Any CPU.ActiveCfg = Debug|Any CPU
		{EE4AC6A2-11F4-4150-90EE-0B4A0F1570A3}.Debug|Any CPU.Build.0 = Debug|Any CPU
		{EE4AC6A2-11F4-4150-90EE-0B4A0F1570A3}.Release|Any CPU.ActiveCfg = Release|Any CPU
		{EE4AC6A2-11F4-4150-90EE-0B4A0F1570A3}.Release|Any CPU.Build.0 = Release|Any CPU
		{7997B350-6853-46DE-84BD-DE6F19B84064}.Debug|Any CPU.ActiveCfg = Debug|Any CPU
		{7997B350-6853-46DE-84BD-DE6F19B84064}.Debug|Any CPU.Build.0 = Debug|Any CPU
		{7997B350-6853-46DE-84BD-DE6F19B84064}.Release|Any CPU.ActiveCfg = Release|Any CPU
		{7997B350-6853-46DE-84BD-DE6F19B84064}.Release|Any CPU.Build.0 = Release|Any CPU
		{52AC7F15-4CC4-4DD8-AC04-501F65BCDACC}.Debug|Any CPU.ActiveCfg = Debug|Any CPU
		{52AC7F15-4CC4-4DD8-AC04-501F65BCDACC}.Debug|Any CPU.Build.0 = Debug|Any CPU
		{52AC7F15-4CC4-4DD8-AC04-501F65BCDACC}.Release|Any CPU.ActiveCfg = Release|Any CPU
		{52AC7F15-4CC4-4DD8-AC04-501F65BCDACC}.Release|Any CPU.Build.0 = Release|Any CPU
		{F05CAE8E-0287-4F34-BF62-F0649EF75232}.Debug|Any CPU.ActiveCfg = Debug|Any CPU
		{F05CAE8E-0287-4F34-BF62-F0649EF75232}.Debug|Any CPU.Build.0 = Debug|Any CPU
		{F05CAE8E-0287-4F34-BF62-F0649EF75232}.Release|Any CPU.ActiveCfg = Release|Any CPU
		{F05CAE8E-0287-4F34-BF62-F0649EF75232}.Release|Any CPU.Build.0 = Release|Any CPU
	EndGlobalSection
	GlobalSection(SolutionProperties) = preSolution
		HideSolutionNode = FALSE
	EndGlobalSection
	GlobalSection(ExtensibilityGlobals) = postSolution
		SolutionGuid = {76DE9027-27B7-49B1-9DC5-2F8F1CA4A97A}
	EndGlobalSection
EndGlobal
